<?xml version="1.0" encoding="utf-8"?>
<Project ToolsVersion="4.0" xmlns="http://schemas.microsoft.com/developer/msbuild/2003">
  <ItemGroup>
    <Filter Include="Source Files">
      <UniqueIdentifier>{4FC737F1-C7A5-4376-A066-2A32D752A2FF}</UniqueIdentifier>
      <Extensions>cpp;c;cc;cxx;c++;cppm;ixx;def;odl;idl;hpj;bat;asm;asmx</Extensions>
    </Filter>
    <Filter Include="Header Files">
      <UniqueIdentifier>{93995380-89BD-4b04-88EB-625FBE52EBFB}</UniqueIdentifier>
      <Extensions>h;hh;hpp;hxx;h++;hm;inl;inc;ipp;xsd</Extensions>
    </Filter>
    <Filter Include="Resource Files">
      <UniqueIdentifier>{67DA6AB6-F800-4c08-8B7A-83BB121AAD01}</UniqueIdentifier>
      <Extensions>rc;ico;cur;bmp;dlg;rc2;rct;bin;rgs;gif;jpg;jpeg;jpe;resx;tiff;tif;png;wav;mfcribbon-ms</Extensions>
    </Filter>
    <Filter Include="Source Files\scheduler">
      <UniqueIdentifier>{1971c092-44ef-4eff-a846-1d9442e1520d}</UniqueIdentifier>
    </Filter>
    <Filter Include="Source Files\execution">
      <UniqueIdentifier>{630e8258-0213-4951-aea0-07957245f509}</UniqueIdentifier>
    </Filter>
    <Filter Include="Source Files\api">
      <UniqueIdentifier>{aec933a1-423e-4549-a754-b26ea1c6d414}</UniqueIdentifier>
    </Filter>
    <Filter Include="Source Files\console">
      <UniqueIdentifier>{639928e6-b55f-42ba-814c-03302e6d76d3}</UniqueIdentifier>
    </Filter>
  </ItemGroup>
  <ItemGroup>
    <ClCompile Include="entry.cpp">
      <Filter>Source Files</Filter>
    </ClCompile>
    <ClCompile Include="console\console.cpp">
      <Filter>Source Files\console</Filter>
    </ClCompile>
  </ItemGroup>
  <ItemGroup>
    <ClInclude Include="api\api.hpp">
      <Filter>Source Files\api</Filter>
    </ClInclude>
    <ClInclude Include="console\console.hpp">
      <Filter>Source Files\console</Filter>
    </ClInclude>
    <ClInclude Include="scheduler\scheduler.hpp">
      <Filter>Source Files\scheduler</Filter>
    </ClInclude>
    <ClInclude Include="Compressor\include\xxhash.h">
      <Filter>Header Files</Filter>
    </ClInclude>
    <ClInclude Include="Compressor\include\zstd.h">
      <Filter>Header Files</Filter>
    </ClInclude>
    <ClInclude Include="Compiler\include\Ast.h">
      <Filter>Header Files</Filter>
    </ClInclude>
    <ClInclude Include="Compiler\include\Bytecode.h">
      <Filter>Header Files</Filter>
    </ClInclude>
    <ClInclude Include="Compiler\include\BytecodeBuilder.h">
      <Filter>Header Files</Filter>
    </ClInclude>
    <ClInclude Include="Compiler\include\Common.h">
      <Filter>Header Files</Filter>
    </ClInclude>
    <ClInclude Include="Compiler\include\Compiler.h">
      <Filter>Header Files</Filter>
    </ClInclude>
    <ClInclude Include="Compiler\include\Confusables.h">
      <Filter>Header Files</Filter>
    </ClInclude>
    <ClInclude Include="Compiler\include\DenseHash.h">
      <Filter>Header Files</Filter>
    </ClInclude>
    <ClInclude Include="Compiler\include\ExperimentalFlags.h">
      <Filter>Header Files</Filter>
    </ClInclude>
    <ClInclude Include="Compiler\include\Lexer.h">
      <Filter>Header Files</Filter>
    </ClInclude>
    <ClInclude Include="Compiler\include\Location.h">
      <Filter>Header Files</Filter>
    </ClInclude>
    <ClInclude Include="Compiler\include\luacode.h">
      <Filter>Header Files</Filter>
    </ClInclude>
    <ClInclude Include="Compiler\include\ParseOptions.h">
      <Filter>Header Files</Filter>
    </ClInclude>
    <ClInclude Include="Compiler\include\Parser.h">
      <Filter>Header Files</Filter>
    </ClInclude>
    <ClInclude Include="Compiler\include\ParseResult.h">
      <Filter>Header Files</Filter>
    </ClInclude>
    <ClInclude Include="Compiler\include\StringUtils.h">
      <Filter>Header Files</Filter>
    </ClInclude>
    <ClInclude Include="Compiler\include\TimeTrace.h">
      <Filter>Header Files</Filter>
    </ClInclude>
    <ClInclude Include="execution\execution.hpp">
      <Filter>Source Files\execution</Filter>
    </ClInclude>
    <ClInclude Include="addresses.hpp">
      <Filter>Source Files</Filter>
    </ClInclude>
    <ClInclude Include="offsets.hpp">
      <Filter>Source Files</Filter>
    </ClInclude>
  </ItemGroup>
  <ItemGroup>
    <Library Include="Compiler\library\Compiler.lib" />
    <Library Include="Compressor\library\libzstd_static.lib" />
  </ItemGroup>
</Project>